<?xml version="1.0" encoding="utf-8"?>
<Project ToolsVersion="4.0" xmlns="http://schemas.microsoft.com/developer/msbuild/2003">
  <ItemGroup>
    <Filter Include="源文件">
      <UniqueIdentifier>{4FC737F1-C7A5-4376-A066-2A32D752A2FF}</UniqueIdentifier>
      <Extensions>cpp;c;cc;cxx;def;odl;idl;hpj;bat;asm;asmx</Extensions>
    </Filter>
    <Filter Include="头文件">
      <UniqueIdentifier>{93995380-89BD-4b04-88EB-625FBE52EBFB}</UniqueIdentifier>
      <Extensions>h;hh;hpp;hxx;hm;inl;inc;xsd</Extensions>
    </Filter>
    <Filter Include="资源文件">
      <UniqueIdentifier>{67DA6AB6-F800-4c08-8B7A-83BB121AAD01}</UniqueIdentifier>
      <Extensions>rc;ico;cur;bmp;dlg;rc2;rct;bin;rgs;gif;jpg;jpeg;jpe;resx;tiff;tif;png;wav;mfcribbon-ms</Extensions>
    </Filter>
  </ItemGroup>
  <ItemGroup>
    <ClInclude Include="D3DInput.h">
      <Filter>头文件</Filter>
    </ClInclude>
    <ClInclude Include="D3DRender.h">
      <Filter>头文件</Filter>
    </ClInclude>
    <ClInclude Include="CommandScript.h">
      <Filter>头文件</Filter>
    </ClInclude>
    <ClInclude Include="PropertyScript.h">
      <Filter>头文件</Filter>
    </ClInclude>
    <ClInclude Include="Token.h">
      <Filter>头文件</Filter>
    </ClInclude>
    <ClInclude Include="Camera.h">
      <Filter>头文件</Filter>
    </ClInclude>
    <ClInclude Include="GUI.h">
      <Filter>头文件</Filter>
    </ClInclude>
    <ClInclude Include="InputInterface.h">
      <Filter>头文件</Filter>
    </ClInclude>
    <ClInclude Include="LogSystem.h">
      <Filter>头文件</Filter>
    </ClInclude>
    <ClInclude Include="RenderInterface.h">
      <Filter>头文件</Filter>
    </ClInclude>
    <ClInclude Include="SoundInterface.h">
      <Filter>头文件</Filter>
    </ClInclude>
    <ClInclude Include="BoundingGeometry.h">
      <Filter>头文件</Filter>
    </ClInclude>
    <ClInclude Include="Frustum.h">
      <Filter>头文件</Filter>
    </ClInclude>
    <ClInclude Include="MathDefines.h">
      <Filter>头文件</Filter>
    </ClInclude>
    <ClInclude Include="MathLibrary.h">
      <Filter>头文件</Filter>
    </ClInclude>
    <ClInclude Include="Matrix.h">
      <Filter>头文件</Filter>
    </ClInclude>
    <ClInclude Include="Physics.h">
      <Filter>头文件</Filter>
    </ClInclude>
    <ClInclude Include="Plane.h">
      <Filter>头文件</Filter>
    </ClInclude>
    <ClInclude Include="Polygon.h">
      <Filter>头文件</Filter>
    </ClInclude>
    <ClInclude Include="Quaternion.h">
      <Filter>头文件</Filter>
    </ClInclude>
    <ClInclude Include="Ray.h">
      <Filter>头文件</Filter>
    </ClInclude>
    <ClInclude Include="Route.h">
      <Filter>头文件</Filter>
    </ClInclude>
    <ClInclude Include="Vector.h">
      <Filter>头文件</Filter>
    </ClInclude>
    <ClInclude Include="ObjModel.h">
      <Filter>头文件</Filter>
    </ClInclude>
    <ClInclude Include="Light.h">
      <Filter>头文件</Filter>
    </ClInclude>
    <ClInclude Include="GameEngine.h">
      <Filter>头文件</Filter>
    </ClInclude>
    <ClInclude Include="Material.h">
      <Filter>头文件</Filter>
    </ClInclude>
    <ClInclude Include="Defines.h">
      <Filter>头文件</Filter>
    </ClInclude>
    <ClInclude Include="Particle.h">
      <Filter>头文件</Filter>
    </ClInclude>
    <ClInclude Include="SkyBox.h">
      <Filter>头文件</Filter>
    </ClInclude>
    <ClInclude Include="Terrain.h">
      <Filter>头文件</Filter>
    </ClInclude>
    <ClInclude Include="XModel.h">
      <Filter>头文件</Filter>
    </ClInclude>
  </ItemGroup>
  <ItemGroup>
    <ClCompile Include="D3DInput.cpp">
      <Filter>源文件</Filter>
    </ClCompile>
    <ClCompile Include="D3DRender.cpp">
      <Filter>源文件</Filter>
    </ClCompile>
    <ClCompile Include="CommandScript.cpp">
      <Filter>源文件</Filter>
    </ClCompile>
    <ClCompile Include="PropertyScript.cpp">
      <Filter>源文件</Filter>
    </ClCompile>
    <ClCompile Include="Token.cpp">
      <Filter>源文件</Filter>
    </ClCompile>
    <ClCompile Include="Camera.cpp">
      <Filter>源文件</Filter>
    </ClCompile>
    <ClCompile Include="GUI.cpp">
      <Filter>源文件</Filter>
    </ClCompile>
    <ClCompile Include="LogSystem.cpp">
      <Filter>源文件</Filter>
    </ClCompile>
    <ClCompile Include="BoundingGeometry.cpp">
      <Filter>源文件</Filter>
    </ClCompile>
    <ClCompile Include="Frustum.cpp">
      <Filter>源文件</Filter>
    </ClCompile>
    <ClCompile Include="Matrix.cpp">
      <Filter>源文件</Filter>
    </ClCompile>
    <ClCompile Include="Plane.cpp">
      <Filter>源文件</Filter>
    </ClCompile>
    <ClCompile Include="Polygon.cpp">
      <Filter>源文件</Filter>
    </ClCompile>
    <ClCompile Include="Quaternion.cpp">
      <Filter>源文件</Filter>
    </ClCompile>
    <ClCompile Include="Ray.cpp">
      <Filter>源文件</Filter>
    </ClCompile>
    <ClCompile Include="Route.cpp">
      <Filter>源文件</Filter>
    </ClCompile>
    <ClCompile Include="Vector.cpp">
      <Filter>源文件</Filter>
    </ClCompile>
    <ClCompile Include="ObjModel.cpp">
      <Filter>源文件</Filter>
    </ClCompile>
    <ClCompile Include="Particle.cpp">
      <Filter>源文件</Filter>
    </ClCompile>
    <ClCompile Include="SkyBox.cpp">
      <Filter>源文件</Filter>
    </ClCompile>
    <ClCompile Include="Terrain.cpp">
      <Filter>源文件</Filter>
    </ClCompile>
    <ClCompile Include="XModel.cpp">
      <Filter>源文件</Filter>
    </ClCompile>
  </ItemGroup>
  <ItemGroup>
    <None Include="ClassDiagram.cd" />
    <None Include="ClassDiagram1.cd" />
  </ItemGroup>
</Project>